Microsoft Visual Studio Solution File, Format Version 12.00
# Visual Studio Version 17
VisualStudioVersion = 17.5.2.0
MinimumVisualStudioVersion = 10.0.40219.1
Project("{FAE04EC0-301F-11D3-BF4B-00C04F79EFBC}") = "web-application-project-3-Dorantino", "web-application-project-3-Dorantino.csproj", "{30021E93-0110-3D89-01B5-A1ECEE200D2A}"
EndProject
Global
	GlobalSection(SolutionConfigurationPlatforms) = preSolution
		Debug|Any CPU = Debug|Any CPU
		Release|Any CPU = Release|Any CPU
	EndGlobalSection
	GlobalSection(ProjectConfigurationPlatforms) = postSolution
		{30021E93-0110-3D89-01B5-A1ECEE200D2A}.Debug|Any CPU.ActiveCfg = Debug|Any CPU
		{30021E93-0110-3D89-01B5-A1ECEE200D2A}.Debug|Any CPU.Build.0 = Debug|Any CPU
		{30021E93-0110-3D89-01B5-A1ECEE200D2A}.Release|Any CPU.ActiveCfg = Release|Any CPU
		{30021E93-0110-3D89-01B5-A1ECEE200D2A}.Release|Any CPU.Build.0 = Release|Any CPU
	EndGlobalSection
	GlobalSection(SolutionProperties) = preSolution
		HideSolutionNode = FALSE
	EndGlobalSection
	GlobalSection(ExtensibilityGlobals) = postSolution
		SolutionGuid = {4126893C-1F5A-4029-B71E-4B36E860C14C}
	EndGlobalSection
EndGlobal
